{
  "version": 4,
  "terraform_version": "1.9.3",
  "serial": 3,
  "lineage": "4042655e-74dc-34cf-91e6-1a03d01467bd",
  "outputs": {},
  "resources": [
    {
      "module": "module.lts",
      "mode": "managed",
      "type": "huaweicloud_lts_group",
      "name": "this",
      "provider": "provider[\"registry.terraform.io/huaweicloud/huaweicloud\"]",
      "instances": [
        {
          "index_key": "log-1",
          "schema_version": 0,
          "attributes": {
            "created_at": "2024-10-31T20:38:39+08:00",
            "group_name": "log-1",
            "id": "33a5b9f1-5ed9-4633-ab4c-dd1ffa29cc5c",
            "region": "ap-southeast-2",
            "tags": null,
            "ttl_in_days": 365
          },
          "sensitive_attributes": [],
          "private": "bnVsbA=="
        }
      ]
    },
    {
      "module": "module.lts",
      "mode": "managed",
      "type": "huaweicloud_lts_stream",
      "name": "this",
      "provider": "provider[\"registry.terraform.io/huaweicloud/huaweicloud\"]",
      "instances": [
        {
          "index_key": "stream-1",
          "schema_version": 0,
          "attributes": {
            "created_at": "2024-10-31T20:38:40+08:00",
            "enterprise_project_id": "0",
            "filter_count": 0,
            "group_id": "33a5b9f1-5ed9-4633-ab4c-dd1ffa29cc5c",
            "id": "7a3da3a1-c7b3-429c-a1b3-47fa4a1cd942",
            "region": "ap-southeast-2",
            "stream_name": "stream-1",
            "tags": null,
            "ttl_in_days": 365
          },
          "sensitive_attributes": [],
          "private": "bnVsbA==",
          "dependencies": [
            "module.lts.huaweicloud_lts_group.this"
          ]
        }
      ]
    }
  ],
  "check_results": null
}
